{
    "_readme": [
        "This file locks the dependencies of your project to a known state",
        "Read more about it at https://getcomposer.org/doc/01-basic-usage.md#installing-dependencies",
        "This file is @generated automatically"
    ],
    "content-hash": "e8029a382ba2718303b53db132ef7f43",
    "packages": [
        {
            "name": "illuminate/collections",
            "version": "v13.15.0",
            "source": {
                "type": "git",
                "url": "https://github.com/illuminate/collections.git",
                "reference": "1dbd2611b2cd025d3526e64bd7670033ff883173"
            },
            "dist": {
                "type": "zip",
                "url": "https://api.github.com/repos/illuminate/collections/zipball/1dbd2611b2cd025d3526e64bd7670033ff883173",
                "reference": "1dbd2611b2cd025d3526e64bd7670033ff883173",
                "shasum": ""
            },
            "require": {
                "illuminate/conditionable": "^13.0",
                "illuminate/contracts": "^13.0",
                "illuminate/macroable": "^13.0",
                "php": "^8.3",
                "symfony/polyfill-php84": "^1.36",
                "symfony/polyfill-php85": "^1.36",
                "symfony/polyfill-php86": "^1.36"
            },
            "suggest": {
                "illuminate/http": "Required to convert collections to API resources (^13.0).",
                "symfony/var-dumper": "Required to use the dump method (^7.4 || ^8.0)."
            },
            "type": "library",
            "extra": {
                "branch-alias": {
                    "dev-master": "13.0.x-dev"
                }
            },
            "autoload": {
                "files": [
                    "functions.php",
                    "helpers.php"
                ],
                "psr-4": {
                    "Illuminate\\Support\\": ""
                }
            },
            "notification-url": "https://packagist.org/downloads/",
            "license": [
                "MIT"
            ],
            "authors": [
                {
                    "name": "Taylor Otwell",
                    "email": "taylor@laravel.com"
                }
            ],
            "description": "The Illuminate Collections package.",
            "homepage": "https://laravel.com",
            "support": {
                "issues": "https://github.com/laravel/framework/issues",
                "source": "https://github.com/laravel/framework"
            },
            "time": "2026-05-19T14:10:53+00:00"
        },
        {
            "name": "illuminate/conditionable",
            "version": "v13.15.0",
            "source": {
                "type": "git",
                "url": "https://github.com/illuminate/conditionable.git",
                "reference": "7f1ef52d9a346f829421b296adfb7644a951b216"
            },
            "dist": {
                "type": "zip",
                "url": "https://api.github.com/repos/illuminate/conditionable/zipball/7f1ef52d9a346f829421b296adfb7644a951b216",
                "reference": "7f1ef52d9a346f829421b296adfb7644a951b216",
                "shasum": ""
            },
            "require": {
                "php": "^8.3"
            },
            "type": "library",
            "extra": {
                "branch-alias": {
                    "dev-master": "13.0.x-dev"
                }
            },
            "autoload": {
                "psr-4": {
                    "Illuminate\\Support\\": ""
                }
            },
            "notification-url": "https://packagist.org/downloads/",
            "license": [
                "MIT"
            ],
            "authors": [
                {
                    "name": "Taylor Otwell",
                    "email": "taylor@laravel.com"
                }
            ],
            "description": "The Illuminate Conditionable package.",
            "homepage": "https://laravel.com",
            "support": {
                "issues": "https://github.com/laravel/framework/issues",
                "source": "https://github.com/laravel/framework"
            },
            "time": "2026-02-25T16:07:55+00:00"
        },
        {
            "name": "illuminate/contracts",
            "version": "v13.15.0",
            "source": {
                "type": "git",
                "url": "https://github.com/illuminate/contracts.git",
                "reference": "dc805389d17f13821726423bf4fc90d3162bf90d"
            },
            "dist": {
                "type": "zip",
                "url": "https://api.github.com/repos/illuminate/contracts/zipball/dc805389d17f13821726423bf4fc90d3162bf90d",
                "reference": "dc805389d17f13821726423bf4fc90d3162bf90d",
                "shasum": ""
            },
            "require": {
                "php": "^8.3",
                "psr/container": "^1.1.1 || ^2.0.1",
                "psr/simple-cache": "^1.0 || ^2.0 || ^3.0"
            },
            "type": "library",
            "extra": {
                "branch-alias": {
                    "dev-master": "13.0.x-dev"
                }
            },
            "autoload": {
                "psr-4": {
                    "Illuminate\\Contracts\\": ""
                }
            },
            "notification-url": "https://packagist.org/downloads/",
            "license": [
                "MIT"
            ],
            "authors": [
                {
                    "name": "Taylor Otwell",
                    "email": "taylor@laravel.com"
                }
            ],
            "description": "The Illuminate Contracts package.",
            "homepage": "https://laravel.com",
            "support": {
                "issues": "https://github.com/laravel/framework/issues",
                "source": "https://github.com/laravel/framework"
            },
            "time": "2026-05-21T13:18:48+00:00"
        },
        {
            "name": "illuminate/macroable",
            "version": "v13.15.0",
            "source": {
                "type": "git",
                "url": "https://github.com/illuminate/macroable.git",
                "reference": "59b5b5f3cf290a91db8cf6cd3d35ff56978bc057"
            },
            "dist": {
                "type": "zip",
                "url": "https://api.github.com/repos/illuminate/macroable/zipball/59b5b5f3cf290a91db8cf6cd3d35ff56978bc057",
                "reference": "59b5b5f3cf290a91db8cf6cd3d35ff56978bc057",
                "shasum": ""
            },
            "require": {
                "php": "^8.2"
            },
            "type": "library",
            "extra": {
                "branch-alias": {
                    "dev-master": "13.0.x-dev"
                }
            },
            "autoload": {
                "psr-4": {
                    "Illuminate\\Support\\": ""
                }
            },
            "notification-url": "https://packagist.org/downloads/",
            "license": [
                "MIT"
            ],
            "authors": [
                {
                    "name": "Taylor Otwell",
                    "email": "taylor@laravel.com"
                }
            ],
            "description": "The Illuminate Macroable package.",
            "homepage": "https://laravel.com",
            "support": {
                "issues": "https://github.com/laravel/framework/issues",
                "source": "https://github.com/laravel/framework"
            },
            "time": "2026-04-29T09:35:06+00:00"
        },
        {
            "name": "psr/container",
            "version": "2.0.2",
            "source": {
                "type": "git",
                "url": "https://github.com/php-fig/container.git",
                "reference": "c71ecc56dfe541dbd90c5360474fbc405f8d5963"
            },
            "dist": {
                "type": "zip",
                "url": "https://api.github.com/repos/php-fig/container/zipball/c71ecc56dfe541dbd90c5360474fbc405f8d5963",
                "reference": "c71ecc56dfe541dbd90c5360474fbc405f8d5963",
                "shasum": ""
            },
            "require": {
                "php": ">=7.4.0"
            },
            "type": "library",
            "extra": {
                "branch-alias": {
                    "dev-master": "2.0.x-dev"
                }
            },
            "autoload": {
                "psr-4": {
                    "Psr\\Container\\": "src/"
                }
            },
            "notification-url": "https://packagist.org/downloads/",
            "license": [
                "MIT"
            ],
            "authors": [
                {
                    "name": "PHP-FIG",
                    "homepage": "https://www.php-fig.org/"
                }
            ],
            "description": "Common Container Interface (PHP FIG PSR-11)",
            "homepage": "https://github.com/php-fig/container",
            "keywords": [
                "PSR-11",
                "container",
                "container-interface",
                "container-interop",
                "psr"
            ],
            "support": {
                "issues": "https://github.com/php-fig/container/issues",
                "source": "https://github.com/php-fig/container/tree/2.0.2"
            },
            "time": "2021-11-05T16:47:00+00:00"
        },
        {
            "name": "psr/simple-cache",
            "version": "3.0.0",
            "source": {
                "type": "git",
                "url": "https://github.com/php-fig/simple-cache.git",
                "reference": "764e0b3939f5ca87cb904f570ef9be2d78a07865"
            },
            "dist": {
                "type": "zip",
                "url": "https://api.github.com/repos/php-fig/simple-cache/zipball/764e0b3939f5ca87cb904f570ef9be2d78a07865",
                "reference": "764e0b3939f5ca87cb904f570ef9be2d78a07865",
                "shasum": ""
            },
            "require": {
                "php": ">=8.0.0"
            },
            "type": "library",
            "extra": {
                "branch-alias": {
                    "dev-master": "3.0.x-dev"
                }
            },
            "autoload": {
                "psr-4": {
                    "Psr\\SimpleCache\\": "src/"
                }
            },
            "notification-url": "https://packagist.org/downloads/",
            "license": [
                "MIT"
            ],
            "authors": [
                {
                    "name": "PHP-FIG",
                    "homepage": "https://www.php-fig.org/"
                }
            ],
            "description": "Common interfaces for simple caching",
            "keywords": [
                "cache",
                "caching",
                "psr",
                "psr-16",
                "simple-cache"
            ],
            "support": {
                "source": "https://github.com/php-fig/simple-cache/tree/3.0.0"
            },
            "time": "2021-10-29T13:26:27+00:00"
        },
        {
            "name": "symfony/polyfill-php84",
            "version": "v1.38.1",
            "source": {
                "type": "git",
                "url": "https://github.com/symfony/polyfill-php84.git",
                "reference": "f4e1dfaee5b74aba5964fe1fd4dfc7ba5e3085fa"
            },
            "dist": {
                "type": "zip",
                "url": "https://api.github.com/repos/symfony/polyfill-php84/zipball/f4e1dfaee5b74aba5964fe1fd4dfc7ba5e3085fa",
                "reference": "f4e1dfaee5b74aba5964fe1fd4dfc7ba5e3085fa",
                "shasum": ""
            },
            "require": {
                "php": ">=7.2"
            },
            "type": "library",
            "extra": {
                "thanks": {
                    "url": "https://github.com/symfony/polyfill",
                    "name": "symfony/polyfill"
                }
            },
            "autoload": {
                "files": [
                    "bootstrap.php"
                ],
                "psr-4": {
                    "Symfony\\Polyfill\\Php84\\": ""
                },
                "classmap": [
                    "Resources/stubs"
                ]
            },
            "notification-url": "https://packagist.org/downloads/",
            "license": [
                "MIT"
            ],
            "authors": [
                {
                    "name": "Nicolas Grekas",
                    "email": "p@tchwork.com"
                },
                {
                    "name": "Symfony Community",
                    "homepage": "https://symfony.com/contributors"
                }
            ],
            "description": "Symfony polyfill backporting some PHP 8.4+ features to lower PHP versions",
            "homepage": "https://symfony.com",
            "keywords": [
                "compatibility",
                "polyfill",
                "portable",
                "shim"
            ],
            "support": {
                "source": "https://github.com/symfony/polyfill-php84/tree/v1.38.1"
            },
            "funding": [
                {
                    "url": "https://symfony.com/sponsor",
                    "type": "custom"
                },
                {
                    "url": "https://github.com/fabpot",
                    "type": "github"
                },
                {
                    "url": "https://github.com/nicolas-grekas",
                    "type": "github"
                },
                {
                    "url": "https://tidelift.com/funding/github/packagist/symfony/symfony",
                    "type": "tidelift"
                }
            ],
            "time": "2026-05-26T12:51:13+00:00"
        },
        {
            "name": "symfony/polyfill-php85",
            "version": "v1.38.1",
            "source": {
                "type": "git",
                "url": "https://github.com/symfony/polyfill-php85.git",
                "reference": "ba2ba04f3352cfa2dcbbcb90aee13ed967f505b1"
            },
            "dist": {
                "type": "zip",
                "url": "https://api.github.com/repos/symfony/polyfill-php85/zipball/ba2ba04f3352cfa2dcbbcb90aee13ed967f505b1",
                "reference": "ba2ba04f3352cfa2dcbbcb90aee13ed967f505b1",
                "shasum": ""
            },
            "require": {
                "php": ">=7.2"
            },
            "type": "library",
            "extra": {
                "thanks": {
                    "url": "https://github.com/symfony/polyfill",
                    "name": "symfony/polyfill"
                }
            },
            "autoload": {
                "files": [
                    "bootstrap.php"
                ],
                "psr-4": {
                    "Symfony\\Polyfill\\Php85\\": ""
                },
                "classmap": [
                    "Resources/stubs"
                ]
            },
            "notification-url": "https://packagist.org/downloads/",
            "license": [
                "MIT"
            ],
            "authors": [
                {
                    "name": "Nicolas Grekas",
                    "email": "p@tchwork.com"
                },
                {
                    "name": "Symfony Community",
                    "homepage": "https://symfony.com/contributors"
                }
            ],
            "description": "Symfony polyfill backporting some PHP 8.5+ features to lower PHP versions",
            "homepage": "https://symfony.com",
            "keywords": [
                "compatibility",
                "polyfill",
                "portable",
                "shim"
            ],
            "support": {
                "source": "https://github.com/symfony/polyfill-php85/tree/v1.38.1"
            },
            "funding": [
                {
                    "url": "https://symfony.com/sponsor",
                    "type": "custom"
                },
                {
                    "url": "https://github.com/fabpot",
                    "type": "github"
                },
                {
                    "url": "https://github.com/nicolas-grekas",
                    "type": "github"
                },
                {
                    "url": "https://tidelift.com/funding/github/packagist/symfony/symfony",
                    "type": "tidelift"
                }
            ],
            "time": "2026-05-26T02:25:22+00:00"
        },
        {
            "name": "symfony/polyfill-php86",
            "version": "v1.38.0",
            "source": {
                "type": "git",
                "url": "https://github.com/symfony/polyfill-php86.git",
                "reference": "fcec68d64f46dc84e1f6ffcf2c6dda40ff3143ad"
            },
            "dist": {
                "type": "zip",
                "url": "https://api.github.com/repos/symfony/polyfill-php86/zipball/fcec68d64f46dc84e1f6ffcf2c6dda40ff3143ad",
                "reference": "fcec68d64f46dc84e1f6ffcf2c6dda40ff3143ad",
                "shasum": ""
            },
            "require": {
                "php": ">=7.2"
            },
            "type": "library",
            "extra": {
                "thanks": {
                    "url": "https://github.com/symfony/polyfill",
                    "name": "symfony/polyfill"
                }
            },
            "autoload": {
                "files": [
                    "bootstrap.php"
                ],
                "psr-4": {
                    "Symfony\\Polyfill\\Php86\\": ""
                },
                "classmap": [
                    "Resources/stubs"
                ]
            },
            "notification-url": "https://packagist.org/downloads/",
            "license": [
                "MIT"
            ],
            "authors": [
                {
                    "name": "Nicolas Grekas",
                    "email": "p@tchwork.com"
                },
                {
                    "name": "Symfony Community",
                    "homepage": "https://symfony.com/contributors"
                }
            ],
            "description": "Symfony polyfill backporting some PHP 8.6+ features to lower PHP versions",
            "homepage": "https://symfony.com",
            "keywords": [
                "compatibility",
                "polyfill",
                "portable",
                "shim"
            ],
            "support": {
                "source": "https://github.com/symfony/polyfill-php86/tree/v1.38.0"
            },
            "funding": [
                {
                    "url": "https://symfony.com/sponsor",
                    "type": "custom"
                },
                {
                    "url": "https://github.com/fabpot",
                    "type": "github"
                },
                {
                    "url": "https://github.com/nicolas-grekas",
                    "type": "github"
                },
                {
                    "url": "https://tidelift.com/funding/github/packagist/symfony/symfony",
                    "type": "tidelift"
                }
            ],
            "time": "2026-05-25T11:52:35+00:00"
        }
    ],
    "packages-dev": [],
    "aliases": [],
    "minimum-stability": "stable",
    "stability-flags": {},
    "prefer-stable": false,
    "prefer-lowest": false,
    "platform": {
        "php": ">=8.4",
        "ext-json": "*"
    },
    "platform-dev": {},
    "plugin-api-version": "2.9.0"
}
